
Microsoft Visual Studio Solution File, Format Version 12.00
# Visual Studio Version 17
VisualStudioVersion = 17.14.36414.22 d17.14
MinimumVisualStudioVersion = 10.0.40219.1
Project("{FAE04EC0-301F-11D3-BF4B-00C04F79EFBC}") = "SaifPortFoliio", "SaifPortFoliio.csproj", "{3F8B1415-1C16-43A4-9B1C-F116A0C62B57}"
EndProject
Global
	GlobalSection(SolutionConfigurationPlatforms) = preSolution
		Debug|Any CPU = Debug|Any CPU
		Release|Any CPU = Release|Any CPU
	EndGlobalSection
	GlobalSection(ProjectConfigurationPlatforms) = postSolution
		{3F8B1415-1C16-43A4-9B1C-F116A0C62B57}.Debug|Any CPU.ActiveCfg = Debug|Any CPU
		{3F8B1415-1C16-43A4-9B1C-F116A0C62B57}.Debug|Any CPU.Build.0 = Debug|Any CPU
		{3F8B1415-1C16-43A4-9B1C-F116A0C62B57}.Release|Any CPU.ActiveCfg = Release|Any CPU
		{3F8B1415-1C16-43A4-9B1C-F116A0C62B57}.Release|Any CPU.Build.0 = Release|Any CPU
	EndGlobalSection
	GlobalSection(SolutionProperties) = preSolution
		HideSolutionNode = FALSE
	EndGlobalSection
	GlobalSection(ExtensibilityGlobals) = postSolution
		SolutionGuid = {4A420A76-C202-445E-A535-A02ACFC4784B}
	EndGlobalSection
EndGlobal
